// !$*UTF8*$!
{
	archiveVersion = 1;
	classes = {
	};
	objectVersion = 56;
	objects = {

/* Begin PBXBuildFile section */
		74D95CC329B08B9700AF6580 /* AppDelegate.swift in Sources */ = {isa = PBXBuildFile; fileRef = 74D95CC229B08B9700AF6580 /* AppDelegate.swift */; };
		74D95CC729B08B9700AF6580 /* NoteViewController.swift in Sources */ = {isa = PBXBuildFile; fileRef = 74D95CC629B08B9700AF6580 /* NoteViewController.swift */; };
		74D95CCA29B08B9700AF6580 /* Main.storyboard in Resources */ = {isa = PBXBuildFile; fileRef = 74D95CC829B08B9700AF6580 /* Main.storyboard */; };
		74D95CCD29B08B9700AF6580 /* NoteApp.xcdatamodeld in Sources */ = {isa = PBXBuildFile; fileRef = 74D95CCB29B08B9700AF6580 /* NoteApp.xcdatamodeld */; };
		74D95CCF29B08B9900AF6580 /* Assets.xcassets in Resources */ = {isa = PBXBuildFile; fileRef = 74D95CCE29B08B9900AF6580 /* Assets.xcassets */; };
		74D95CD229B08B9900AF6580 /* LaunchScreen.storyboard in Resources */ = {isa = PBXBuildFile; fileRef = 74D95CD029B08B9900AF6580 /* LaunchScreen.storyboard */; };
		74D95CDE29B08D4300AF6580 /* CategoryViewController.swift in Sources */ = {isa = PBXBuildFile; fileRef = 74D95CDD29B08D4300AF6580 /* CategoryViewController.swift */; };
		74D95D0329B0BAB700AF6580 /* SceneDelegate.swift in Sources */ = {isa = PBXBuildFile; fileRef = 74D95D0229B0BAB700AF6580 /* SceneDelegate.swift */; };
/* End PBXBuildFile section */

/* Begin PBXFileReference section */
		74D95CBF29B08B9700AF6580 /* NoteApp.app */ = {isa = PBXFileReference; explicitFileType = wrapper.application; includeInIndex = 0; path = NoteApp.app; sourceTree = BUILT_PRODUCTS_DIR; };
		74D95CC229B08B9700AF6580 /* AppDelegate.swift */ = {isa = PBXFileReference; lastKnownFileType = sourcecode.swift; path = AppDelegate.swift; sourceTree = "<group>"; };
		74D95CC629B08B9700AF6580 /* NoteViewController.swift */ = {isa = PBXFileReference; lastKnownFileType = sourcecode.swift; path = NoteViewController.swift; sourceTree = "<group>"; };
		74D95CC929B08B9700AF6580 /* Base */ = {isa = PBXFileReference; lastKnownFileType = file.storyboard; name = Base; path = Base.lproj/Main.storyboard; sourceTree = "<group>"; };
		74D95CCC29B08B9700AF6580 /* NoteApp.xcdatamodel */ = {isa = PBXFileReference; lastKnownFileType = wrapper.xcdatamodel; path = NoteApp.xcdatamodel; sourceTree = "<group>"; };
		74D95CCE29B08B9900AF6580 /* Assets.xcassets */ = {isa = PBXFileReference; lastKnownFileType = folder.assetcatalog; path = Assets.xcassets; sourceTree = "<group>"; };
		74D95CD129B08B9900AF6580 /* Base */ = {isa = PBXFileReference; lastKnownFileType = file.storyboard; name = Base; path = Base.lproj/LaunchScreen.storyboard; sourceTree = "<group>"; };
		74D95CD329B08B9900AF6580 /* Info.plist */ = {isa = PBXFileReference; lastKnownFileType = text.plist.xml; path = Info.plist; sourceTree = "<group>"; };
		74D95CDD29B08D4300AF6580 /* CategoryViewController.swift */ = {isa = PBXFileReference; lastKnownFileType = sourcecode.swift; path = CategoryViewController.swift; sourceTree = "<group>"; };
		74D95D0229B0BAB700AF6580 /* SceneDelegate.swift */ = {isa = PBXFileReference; fileEncoding = 4; lastKnownFileType = sourcecode.swift; path = SceneDelegate.swift; sourceTree = "<group>"; };
/* End PBXFileReference section */

/* Begin PBXFrameworksBuildPhase section */
		74D95CBC29B08B9700AF6580 /* Frameworks */ = {
			isa = PBXFrameworksBuildPhase;
			buildActionMask = 2147483647;
			files = (
			);
			runOnlyForDeploymentPostprocessing = 0;
		};
/* End PBXFrameworksBuildPhase section */

/* Begin PBXGroup section */
		74D95CB629B08B9700AF6580 = {
			isa = PBXGroup;
			children = (
				74D95CC129B08B9700AF6580 /* NoteApp */,
				74D95CC029B08B9700AF6580 /* Products */,
			);
			sourceTree = "<group>";
		};
		74D95CC029B08B9700AF6580 /* Products */ = {
			isa = PBXGroup;
			children = (
				74D95CBF29B08B9700AF6580 /* NoteApp.app */,
			);
			name = Products;
			sourceTree = "<group>";
		};
		74D95CC129B08B9700AF6580 /* NoteApp */ = {
			isa = PBXGroup;
			children = (
				74D95CC229B08B9700AF6580 /* AppDelegate.swift */,
				74D95D0229B0BAB700AF6580 /* SceneDelegate.swift */,
				74D95CD929B08BB400AF6580 /* Controllers */,
				74D95CDB29B08BCA00AF6580 /* Data Model */,
				74D95CDA29B08BBF00AF6580 /* Views */,
				74D95CDC29B08BE800AF6580 /* Supporting Files */,
				74D95CD329B08B9900AF6580 /* Info.plist */,
			);
			path = NoteApp;
			sourceTree = "<group>";
		};
		74D95CD929B08BB400AF6580 /* Controllers */ = {
			isa = PBXGroup;
			children = (
				74D95CDD29B08D4300AF6580 /* CategoryViewController.swift */,
				74D95CC629B08B9700AF6580 /* NoteViewController.swift */,
			);
			path = Controllers;
			sourceTree = "<group>";
		};
		74D95CDA29B08BBF00AF6580 /* Views */ = {
			isa = PBXGroup;
			children = (
				74D95CC829B08B9700AF6580 /* Main.storyboard */,
			);
			path = Views;
			sourceTree = "<group>";
		};
		74D95CDB29B08BCA00AF6580 /* Data Model */ = {
			isa = PBXGroup;
			children = (
				74D95CCB29B08B9700AF6580 /* NoteApp.xcdatamodeld */,
			);
			path = "Data Model";
			sourceTree = "<group>";
		};
		74D95CDC29B08BE800AF6580 /* Supporting Files */ = {
			isa = PBXGroup;
			children = (
				74D95CCE29B08B9900AF6580 /* Assets.xcassets */,
				74D95CD029B08B9900AF6580 /* LaunchScreen.storyboard */,
			);
			path = "Supporting Files";
			sourceTree = "<group>";
		};
/* End PBXGroup section */

/* Begin PBXNativeTarget section */
		74D95CBE29B08B9700AF6580 /* NoteApp */ = {
			isa = PBXNativeTarget;
			buildConfigurationList = 74D95CD629B08B9900AF6580 /* Build configuration list for PBXNativeTarget "NoteApp" */;
			buildPhases = (
				74D95CBB29B08B9700AF6580 /* Sources */,
				74D95CBC29B08B9700AF6580 /* Frameworks */,
				74D95CBD29B08B9700AF6580 /* Resources */,
			);
			buildRules = (
			);
			dependencies = (
			);
			name = NoteApp;
			productName = NoteApp;
			productReference = 74D95CBF29B08B9700AF6580 /* NoteApp.app */;
			productType = "com.apple.product-type.application";
		};
/* End PBXNativeTarget section */

/* Begin PBXProject section */
		74D95CB729B08B9700AF6580 /* Project object */ = {
			isa = PBXProject;
			attributes = {
				BuildIndependentTargetsInParallel = 1;
				LastSwiftUpdateCheck = 1420;
				LastUpgradeCheck = 1420;
				TargetAttributes = {
					74D95CBE29B08B9700AF6580 = {
						CreatedOnToolsVersion = 14.2;
					};
				};
			};
			buildConfigurationList = 74D95CBA29B08B9700AF6580 /* Build configuration list for PBXProject "NoteApp" */;
			compatibilityVersion = "Xcode 14.0";
			developmentRegion = en;
			hasScannedForEncodings = 0;
			knownRegions = (
				en,
				Base,
			);
			mainGroup = 74D95CB629B08B9700AF6580;
			productRefGroup = 74D95CC029B08B9700AF6580 /* Products */;
			projectDirPath = "";
			projectRoot = "";
			targets = (
				74D95CBE29B08B9700AF6580 /* NoteApp */,
			);
		};
/* End PBXProject section */

/* Begin PBXResourcesBuildPhase section */
		74D95CBD29B08B9700AF6580 /* Resources */ = {
			isa = PBXResourcesBuildPhase;
			buildActionMask = 2147483647;
			files = (
				74D95CD229B08B9900AF6580 /* LaunchScreen.storyboard in Resources */,
				74D95CCF29B08B9900AF6580 /* Assets.xcassets in Resources */,
				74D95CCA29B08B9700AF6580 /* Main.storyboard in Resources */,
			);
			runOnlyForDeploymentPostprocessing = 0;
		};
/* End PBXResourcesBuildPhase section */

/* Begin PBXSourcesBuildPhase section */
		74D95CBB29B08B9700AF6580 /* Sources */ = {
			isa = PBXSourcesBuildPhase;
			buildActionMask = 2147483647;
			files = (
				74D95D0329B0BAB700AF6580 /* SceneDelegate.swift in Sources */,
				74D95CDE29B08D4300AF6580 /* CategoryViewController.swift in Sources */,
				74D95CC729B08B9700AF6580 /* NoteViewController.swift in Sources */,
				74D95CC329B08B9700AF6580 /* AppDelegate.swift in Sources */,
				74D95CCD29B08B9700AF6580 /* NoteApp.xcdatamodeld in Sources */,
			);
			runOnlyForDeploymentPostprocessing = 0;
		};
/* End PBXSourcesBuildPhase section */

/* Begin PBXVariantGroup section */
		74D95CC829B08B9700AF6580 /* Main.storyboard */ = {
			isa = PBXVariantGroup;
			children = (
				74D95CC929B08B9700AF6580 /* Base */,
			);
			name = Main.storyboard;
			sourceTree = "<group>";
		};
		74D95CD029B08B9900AF6580 /* LaunchScreen.storyboard */ = {
			isa = PBXVariantGroup;
			children = (
				74D95CD129B08B9900AF6580 /* Base */,
			);
			name = LaunchScreen.storyboard;
			sourceTree = "<group>";
		};
/* End PBXVariantGroup section */

/* Begin XCBuildConfiguration section */
		74D95CD429B08B9900AF6580 /* Debug */ = {
			isa = XCBuildConfiguration;
			buildSettings = {
				ALWAYS_SEARCH_USER_PATHS = NO;
				CLANG_ANALYZER_NONNULL = YES;
				CLANG_ANALYZER_NUMBER_OBJECT_CONVERSION = YES_AGGRESSIVE;
				CLANG_CXX_LANGUAGE_STANDARD = "gnu++20";
				CLANG_ENABLE_MODULES = YES;
				CLANG_ENABLE_OBJC_ARC = YES;
				CLANG_ENABLE_OBJC_WEAK = YES;
				CLANG_WARN_BLOCK_CAPTURE_AUTORELEASING = YES;
				CLANG_WARN_BOOL_CONVERSION = YES;
				CLANG_WARN_COMMA = YES;
				CLANG_WARN_CONSTANT_CONVERSION = YES;
				CLANG_WARN_DEPRECATED_OBJC_IMPLEMENTATIONS = YES;
				CLANG_WARN_DIRECT_OBJC_ISA_USAGE = YES_ERROR;
				CLANG_WARN_DOCUMENTATION_COMMENTS = YES;
				CLANG_WARN_EMPTY_BODY = YES;
				CLANG_WARN_ENUM_CONVERSION = YES;
				CLANG_WARN_INFINITE_RECURSION = YES;
				CLANG_WARN_INT_CONVERSION = YES;
				CLANG_WARN_NON_LITERAL_NULL_CONVERSION = YES;
				CLANG_WARN_OBJC_IMPLICIT_RETAIN_SELF = YES;
				CLANG_WARN_OBJC_LITERAL_CONVERSION = YES;
				CLANG_WARN_OBJC_ROOT_CLASS = YES_ERROR;
				CLANG_WARN_QUOTED_INCLUDE_IN_FRAMEWORK_HEADER = YES;
				CLANG_WARN_RANGE_LOOP_ANALYSIS = YES;
				CLANG_WARN_STRICT_PROTOTYPES = YES;
				CLANG_WARN_SUSPICIOUS_MOVE = YES;
				CLANG_WARN_UNGUARDED_AVAILABILITY = YES_AGGRESSIVE;
				CLANG_WARN_UNREACHABLE_CODE = YES;
				CLANG_WARN__DUPLICATE_METHOD_MATCH = YES;
				COPY_PHASE_STRIP = NO;
				DEBUG_INFORMATION_FORMAT = dwarf;
				ENABLE_STRICT_OBJC_MSGSEND = YES;
				ENABLE_TESTABILITY = YES;
				GCC_C_LANGUAGE_STANDARD = gnu11;
				GCC_DYNAMIC_NO_PIC = NO;
				GCC_NO_COMMON_BLOCKS = YES;
				GCC_OPTIMIZATION_LEVEL = 0;
				GCC_PREPROCESSOR_DEFINITIONS = (
					"DEBUG=1",
					"$(inherited)",
				);
				GCC_WARN_64_TO_32_BIT_CONVERSION = YES;
				GCC_WARN_ABOUT_RETURN_TYPE = YES_ERROR;
				GCC_WARN_UNDECLARED_SELECTOR = YES;
				GCC_WARN_UNINITIALIZED_AUTOS = YES_AGGRESSIVE;
				GCC_WARN_UNUSED_FUNCTION = YES;
				GCC_WARN_UNUSED_VARIABLE = YES;
				IPHONEOS_DEPLOYMENT_TARGET = 16.2;
				MTL_ENABLE_DEBUG_INFO = INCLUDE_SOURCE;
				MTL_FAST_MATH = YES;
				ONLY_ACTIVE_ARCH = YES;
				SDKROOT = iphoneos;
				SWIFT_ACTIVE_COMPILATION_CONDITIONS = DEBUG;
				SWIFT_OPTIMIZATION_LEVEL = "-Onone";
			};
			name = Debug;
		};
		74D95CD529B08B9900AF6580 /* Release */ = {
			isa = XCBuildConfiguration;
			buildSettings = {
				ALWAYS_SEARCH_USER_PATHS = NO;
				CLANG_ANALYZER_NONNULL = YES;
				CLANG_ANALYZER_NUMBER_OBJECT_CONVERSION = YES_AGGRESSIVE;
				CLANG_CXX_LANGUAGE_STANDARD = "gnu++20";
				CLANG_ENABLE_MODULES = YES;
				CLANG_ENABLE_OBJC_ARC = YES;
				CLANG_ENABLE_OBJC_WEAK = YES;
				CLANG_WARN_BLOCK_CAPTURE_AUTORELEASING = YES;
				CLANG_WARN_BOOL_CONVERSION = YES;
				CLANG_WARN_COMMA = YES;
				CLANG_WARN_CONSTANT_CONVERSION = YES;
				CLANG_WARN_DEPRECATED_OBJC_IMPLEMENTATIONS = YES;
				CLANG_WARN_DIRECT_OBJC_ISA_USAGE = YES_ERROR;
				CLANG_WARN_DOCUMENTATION_COMMENTS = YES;
				CLANG_WARN_EMPTY_BODY = YES;
				CLANG_WARN_ENUM_CONVERSION = YES;
				CLANG_WARN_INFINITE_RECURSION = YES;
				CLANG_WARN_INT_CONVERSION = YES;
				CLANG_WARN_NON_LITERAL_NULL_CONVERSION = YES;
				CLANG_WARN_OBJC_IMPLICIT_RETAIN_SELF = YES;
				CLANG_WARN_OBJC_LITERAL_CONVERSION = YES;
				CLANG_WARN_OBJC_ROOT_CLASS = YES_ERROR;
				CLANG_WARN_QUOTED_INCLUDE_IN_FRAMEWORK_HEADER = YES;
				CLANG_WARN_RANGE_LOOP_ANALYSIS = YES;
				CLANG_WARN_STRICT_PROTOTYPES = YES;
				CLANG_WARN_SUSPICIOUS_MOVE = YES;
				CLANG_WARN_UNGUARDED_AVAILABILITY = YES_AGGRESSIVE;
				CLANG_WARN_UNREACHABLE_CODE = YES;
				CLANG_WARN__DUPLICATE_METHOD_MATCH = YES;
				COPY_PHASE_STRIP = NO;
				DEBUG_INFORMATION_FORMAT = "dwarf-with-dsym";
				ENABLE_NS_ASSERTIONS = NO;
				ENABLE_STRICT_OBJC_MSGSEND = YES;
				GCC_C_LANGUAGE_STANDARD = gnu11;
				GCC_NO_COMMON_BLOCKS = YES;
				GCC_WARN_64_TO_32_BIT_CONVERSION = YES;
				GCC_WARN_ABOUT_RETURN_TYPE = YES_ERROR;
				GCC_WARN_UNDECLARED_SELECTOR = YES;
				GCC_WARN_UNINITIALIZED_AUTOS = YES_AGGRESSIVE;
				GCC_WARN_UNUSED_FUNCTION = YES;
				GCC_WARN_UNUSED_VARIABLE = YES;
				IPHONEOS_DEPLOYMENT_TARGET = 16.2;
				MTL_ENABLE_DEBUG_INFO = NO;
				MTL_FAST_MATH = YES;
				SDKROOT = iphoneos;
				SWIFT_COMPILATION_MODE = wholemodule;
				SWIFT_OPTIMIZATION_LEVEL = "-O";
				VALIDATE_PRODUCT = YES;
			};
			name = Release;
		};
		74D95CD729B08B9900AF6580 /* Debug */ = {
			isa = XCBuildConfiguration;
			buildSettings = {
				ASSETCATALOG_COMPILER_APPICON_NAME = AppIcon;
				ASSETCATALOG_COMPILER_GLOBAL_ACCENT_COLOR_NAME = AccentColor;
				CODE_SIGN_STYLE = Automatic;
				CURRENT_PROJECT_VERSION = 1;
				DEVELOPMENT_TEAM = QK89DRS8QC;
				GENERATE_INFOPLIST_FILE = YES;
				INFOPLIST_FILE = NoteApp/Info.plist;
				INFOPLIST_KEY_UIApplicationSupportsIndirectInputEvents = YES;
				INFOPLIST_KEY_UILaunchStoryboardName = LaunchScreen;
				INFOPLIST_KEY_UIMainStoryboardFile = Main;
				INFOPLIST_KEY_UISupportedInterfaceOrientations_iPad = "UIInterfaceOrientationPortrait UIInterfaceOrientationPortraitUpsideDown UIInterfaceOrientationLandscapeLeft UIInterfaceOrientationLandscapeRight";
				INFOPLIST_KEY_UISupportedInterfaceOrientations_iPhone = "UIInterfaceOrientationPortrait UIInterfaceOrientationLandscapeLeft UIInterfaceOrientationLandscapeRight";
				LD_RUNPATH_SEARCH_PATHS = (
					"$(inherited)",
					"@executable_path/Frameworks",
				);
				MARKETING_VERSION = 1.0;
				PRODUCT_BUNDLE_IDENTIFIER = com.atash.NoteApp;
				PRODUCT_NAME = "$(TARGET_NAME)";
				SWIFT_EMIT_LOC_STRINGS = YES;
				SWIFT_VERSION = 5.0;
				TARGETED_DEVICE_FAMILY = "1,2";
			};
			name = Debug;
		};
		74D95CD829B08B9900AF6580 /* Release */ = {
			isa = XCBuildConfiguration;
			buildSettings = {
				ASSETCATALOG_COMPILER_APPICON_NAME = AppIcon;
				ASSETCATALOG_COMPILER_GLOBAL_ACCENT_COLOR_NAME = AccentColor;
				CODE_SIGN_STYLE = Automatic;
				CURRENT_PROJECT_VERSION = 1;
				DEVELOPMENT_TEAM = QK89DRS8QC;
				GENERATE_INFOPLIST_FILE = YES;
				INFOPLIST_FILE = NoteApp/Info.plist;
				INFOPLIST_KEY_UIApplicationSupportsIndirectInputEvents = YES;
				INFOPLIST_KEY_UILaunchStoryboardName = LaunchScreen;
				INFOPLIST_KEY_UIMainStoryboardFile = Main;
				INFOPLIST_KEY_UISupportedInterfaceOrientations_iPad = "UIInterfaceOrientationPortrait UIInterfaceOrientationPortraitUpsideDown UIInterfaceOrientationLandscapeLeft UIInterfaceOrientationLandscapeRight";
				INFOPLIST_KEY_UISupportedInterfaceOrientations_iPhone = "UIInterfaceOrientationPortrait UIInterfaceOrientationLandscapeLeft UIInterfaceOrientationLandscapeRight";
				LD_RUNPATH_SEARCH_PATHS = (
					"$(inherited)",
					"@executable_path/Frameworks",
				);
				MARKETING_VERSION = 1.0;
				PRODUCT_BUNDLE_IDENTIFIER = com.atash.NoteApp;
				PRODUCT_NAME = "$(TARGET_NAME)";
				SWIFT_EMIT_LOC_STRINGS = YES;
				SWIFT_VERSION = 5.0;
				TARGETED_DEVICE_FAMILY = "1,2";
			};
			name = Release;
		};
/* End XCBuildConfiguration section */

/* Begin XCConfigurationList section */
		74D95CBA29B08B9700AF6580 /* Build configuration list for PBXProject "NoteApp" */ = {
			isa = XCConfigurationList;
			buildConfigurations = (
				74D95CD429B08B9900AF6580 /* Debug */,
				74D95CD529B08B9900AF6580 /* Release */,
			);
			defaultConfigurationIsVisible = 0;
			defaultConfigurationName = Release;
		};
		74D95CD629B08B9900AF6580 /* Build configuration list for PBXNativeTarget "NoteApp" */ = {
			isa = XCConfigurationList;
			buildConfigurations = (
				74D95CD729B08B9900AF6580 /* Debug */,
				74D95CD829B08B9900AF6580 /* Release */,
			);
			defaultConfigurationIsVisible = 0;
			defaultConfigurationName = Release;
		};
/* End XCConfigurationList section */

/* Begin XCVersionGroup section */
		74D95CCB29B08B9700AF6580 /* NoteApp.xcdatamodeld */ = {
			isa = XCVersionGroup;
			children = (
				74D95CCC29B08B9700AF6580 /* NoteApp.xcdatamodel */,
			);
			currentVersion = 74D95CCC29B08B9700AF6580 /* NoteApp.xcdatamodel */;
			path = NoteApp.xcdatamodeld;
			sourceTree = "<group>";
			versionGroupType = wrapper.xcdatamodel;
		};
/* End XCVersionGroup section */
	};
	rootObject = 74D95CB729B08B9700AF6580 /* Project object */;
}
